{
  "requires": true,
  "lockfileVersion": 1,
  "dependencies": {
    "cordova-plugin-contact-number-picker": {
      "version": "0.1.1",
      "resolved": "https://registry.npmjs.org/cordova-plugin-contact-number-picker/-/cordova-plugin-contact-number-picker-0.1.1.tgz",
      "integrity": "sha1-buVuRb8UBaFudEXKKTOY+NbUQfk="
    }
  }
}
